
Microsoft Visual Studio Solution File, Format Version 12.00
# Visual Studio Version 17
VisualStudioVersion = 17.11.35017.193
MinimumVisualStudioVersion = 10.0.40219.1
Project("{9A19103F-16F7-4668-BE54-9A1E7A4F7556}") = "BlazorCheckboxes", "BlazorCheckboxes\BlazorCheckboxes\BlazorCheckboxes.csproj", "{3A572C7E-1218-4090-899C-AFCDFDBF1BBA}"
EndProject
Project("{9A19103F-16F7-4668-BE54-9A1E7A4F7556}") = "BlazorCheckboxes.Client", "BlazorCheckboxes\BlazorCheckboxes.Client\BlazorCheckboxes.Client.csproj", "{7838613B-378E-420F-8CAB-6F4A878BC6B8}"
EndProject
Global
	GlobalSection(SolutionConfigurationPlatforms) = preSolution
		Debug|Any CPU = Debug|Any CPU
		Release|Any CPU = Release|Any CPU
	EndGlobalSection
	GlobalSection(ProjectConfigurationPlatforms) = postSolution
		{3A572C7E-1218-4090-899C-AFCDFDBF1BBA}.Debug|Any CPU.ActiveCfg = Debug|Any CPU
		{3A572C7E-1218-4090-899C-AFCDFDBF1BBA}.Debug|Any CPU.Build.0 = Debug|Any CPU
		{3A572C7E-1218-4090-899C-AFCDFDBF1BBA}.Release|Any CPU.ActiveCfg = Release|Any CPU
		{3A572C7E-1218-4090-899C-AFCDFDBF1BBA}.Release|Any CPU.Build.0 = Release|Any CPU
		{7838613B-378E-420F-8CAB-6F4A878BC6B8}.Debug|Any CPU.ActiveCfg = Debug|Any CPU
		{7838613B-378E-420F-8CAB-6F4A878BC6B8}.Debug|Any CPU.Build.0 = Debug|Any CPU
		{7838613B-378E-420F-8CAB-6F4A878BC6B8}.Release|Any CPU.ActiveCfg = Release|Any CPU
		{7838613B-378E-420F-8CAB-6F4A878BC6B8}.Release|Any CPU.Build.0 = Release|Any CPU
	EndGlobalSection
	GlobalSection(SolutionProperties) = preSolution
		HideSolutionNode = FALSE
	EndGlobalSection
	GlobalSection(ExtensibilityGlobals) = postSolution
		SolutionGuid = {DEBA2B54-E01A-4ADB-A29D-99DD14BC4C5C}
	EndGlobalSection
EndGlobal
